
Microsoft Visual Studio Solution File, Format Version 12.00
# Visual Studio 11
Project("{FAE04EC0-301F-11D3-BF4B-00C04F79EFBC}") = "PlaygroundReservations", "PlaygroundReservations\PlaygroundReservations.csproj", "{8F293AD2-0B34-4528-A3EA-3DB2ABC890BF}"
EndProject
Project("{FAE04EC0-301F-11D3-BF4B-00C04F79EFBC}") = "PlaygroundReservations.Tests", "PlaygroundReservations.Tests\PlaygroundReservations.Tests.csproj", "{60710286-9894-4D5A-A72D-EC9E6851782A}"
EndProject
Global
	GlobalSection(SolutionConfigurationPlatforms) = preSolution
		Debug|Any CPU = Debug|Any CPU
		Release|Any CPU = Release|Any CPU
	EndGlobalSection
	GlobalSection(ProjectConfigurationPlatforms) = postSolution
		{60710286-9894-4D5A-A72D-EC9E6851782A}.Debug|Any CPU.ActiveCfg = Debug|Any CPU
		{60710286-9894-4D5A-A72D-EC9E6851782A}.Debug|Any CPU.Build.0 = Debug|Any CPU
		{60710286-9894-4D5A-A72D-EC9E6851782A}.Release|Any CPU.ActiveCfg = Release|Any CPU
		{60710286-9894-4D5A-A72D-EC9E6851782A}.Release|Any CPU.Build.0 = Release|Any CPU
		{8F293AD2-0B34-4528-A3EA-3DB2ABC890BF}.Debug|Any CPU.ActiveCfg = Debug|Any CPU
		{8F293AD2-0B34-4528-A3EA-3DB2ABC890BF}.Debug|Any CPU.Build.0 = Debug|Any CPU
		{8F293AD2-0B34-4528-A3EA-3DB2ABC890BF}.Release|Any CPU.ActiveCfg = Release|Any CPU
		{8F293AD2-0B34-4528-A3EA-3DB2ABC890BF}.Release|Any CPU.Build.0 = Release|Any CPU
	EndGlobalSection
	GlobalSection(SolutionProperties) = preSolution
		HideSolutionNode = FALSE
	EndGlobalSection
EndGlobal
